
Microsoft Visual Studio Solution File, Format Version 12.00
# Visual Studio Version 16
VisualStudioVersion = 16.0.29418.71
MinimumVisualStudioVersion = 10.0.40219.1
Project("{FAE04EC0-301F-11D3-BF4B-00C04F79EFBC}") = "CSTaroltEljarasMuvKonstGenerator", "CSTaroltEljarasMuvKonstGenerator\CSTaroltEljarasMuvKonstGenerator.csproj", "{92BBE86B-0EA8-4A64-B526-47C297D49EFD}"
EndProject
Global
	GlobalSection(SolutionConfigurationPlatforms) = preSolution
		Debug|Any CPU = Debug|Any CPU
		Release|Any CPU = Release|Any CPU
	EndGlobalSection
	GlobalSection(ProjectConfigurationPlatforms) = postSolution
		{92BBE86B-0EA8-4A64-B526-47C297D49EFD}.Debug|Any CPU.ActiveCfg = Debug|Any CPU
		{92BBE86B-0EA8-4A64-B526-47C297D49EFD}.Debug|Any CPU.Build.0 = Debug|Any CPU
		{92BBE86B-0EA8-4A64-B526-47C297D49EFD}.Release|Any CPU.ActiveCfg = Release|Any CPU
		{92BBE86B-0EA8-4A64-B526-47C297D49EFD}.Release|Any CPU.Build.0 = Release|Any CPU
	EndGlobalSection
	GlobalSection(SolutionProperties) = preSolution
		HideSolutionNode = FALSE
	EndGlobalSection
	GlobalSection(ExtensibilityGlobals) = postSolution
		SolutionGuid = {93A82811-588F-45E4-A2FB-6D5A121E9AF1}
	EndGlobalSection
EndGlobal
